
Microsoft Visual Studio Solution File, Format Version 12.00
# Visual Studio Version 17
VisualStudioVersion = 17.11.35327.3
MinimumVisualStudioVersion = 10.0.40219.1
Project("{FAE04EC0-301F-11D3-BF4B-00C04F79EFBC}") = "BTH2", "BTH2.csproj", "{1F718FCF-6D8B-40B8-89FF-43187CFC1646}"
EndProject
Global
	GlobalSection(SolutionConfigurationPlatforms) = preSolution
		Debug|Any CPU = Debug|Any CPU
		Release|Any CPU = Release|Any CPU
	EndGlobalSection
	GlobalSection(ProjectConfigurationPlatforms) = postSolution
		{1F718FCF-6D8B-40B8-89FF-43187CFC1646}.Debug|Any CPU.ActiveCfg = Debug|Any CPU
		{1F718FCF-6D8B-40B8-89FF-43187CFC1646}.Debug|Any CPU.Build.0 = Debug|Any CPU
		{1F718FCF-6D8B-40B8-89FF-43187CFC1646}.Release|Any CPU.ActiveCfg = Release|Any CPU
		{1F718FCF-6D8B-40B8-89FF-43187CFC1646}.Release|Any CPU.Build.0 = Release|Any CPU
	EndGlobalSection
	GlobalSection(SolutionProperties) = preSolution
		HideSolutionNode = FALSE
	EndGlobalSection
	GlobalSection(ExtensibilityGlobals) = postSolution
		SolutionGuid = {F535B498-D52F-48A3-AB98-550C4B8281E5}
	EndGlobalSection
EndGlobal
